
Microsoft Visual Studio Solution File, Format Version 12.00
# Visual Studio Version 17
VisualStudioVersion = 17.14.36327.8
MinimumVisualStudioVersion = 10.0.40219.1
Project("{FAE04EC0-301F-11D3-BF4B-00C04F79EFBC}") = "Demo", "Demo01\Demo.csproj", "{9274341A-F01A-4C88-BBB0-4B6377084355}"
EndProject
Project("{FAE04EC0-301F-11D3-BF4B-00C04F79EFBC}") = "Assignment", "Assignment\Assignment.csproj", "{AAA693AE-2A62-4E31-9514-6F9C601F5679}"
EndProject
Global
	GlobalSection(SolutionConfigurationPlatforms) = preSolution
		Debug|Any CPU = Debug|Any CPU
		Release|Any CPU = Release|Any CPU
	EndGlobalSection
	GlobalSection(ProjectConfigurationPlatforms) = postSolution
		{9274341A-F01A-4C88-BBB0-4B6377084355}.Debug|Any CPU.ActiveCfg = Debug|Any CPU
		{9274341A-F01A-4C88-BBB0-4B6377084355}.Debug|Any CPU.Build.0 = Debug|Any CPU
		{9274341A-F01A-4C88-BBB0-4B6377084355}.Release|Any CPU.ActiveCfg = Release|Any CPU
		{9274341A-F01A-4C88-BBB0-4B6377084355}.Release|Any CPU.Build.0 = Release|Any CPU
		{AAA693AE-2A62-4E31-9514-6F9C601F5679}.Debug|Any CPU.ActiveCfg = Debug|Any CPU
		{AAA693AE-2A62-4E31-9514-6F9C601F5679}.Debug|Any CPU.Build.0 = Debug|Any CPU
		{AAA693AE-2A62-4E31-9514-6F9C601F5679}.Release|Any CPU.ActiveCfg = Release|Any CPU
		{AAA693AE-2A62-4E31-9514-6F9C601F5679}.Release|Any CPU.Build.0 = Release|Any CPU
	EndGlobalSection
	GlobalSection(SolutionProperties) = preSolution
		HideSolutionNode = FALSE
	EndGlobalSection
	GlobalSection(ExtensibilityGlobals) = postSolution
		SolutionGuid = {A59B17A7-F752-48E8-AF4F-759BEDE317D1}
	EndGlobalSection
EndGlobal
